// !$*UTF8*$!
{
	archiveVersion = 1;
	classes = {
	};
	objectVersion = 46;
	objects = {

/* Begin PBXBuildFile section */
		4405EBB31DDA55770070CB98 /* FavouritesViewController.swift in Sources */ = {isa = PBXBuildFile; fileRef = 4405EBB21DDA55770070CB98 /* FavouritesViewController.swift */; };
		44083A871DBE8354002CC217 /* Motivation_HuntUITests.swift in Sources */ = {isa = PBXBuildFile; fileRef = 44083A861DBE8354002CC217 /* Motivation_HuntUITests.swift */; };
		44083A8F1DBE83BB002CC217 /* SnapshotHelper.swift in Sources */ = {isa = PBXBuildFile; fileRef = 44083A8E1DBE83BB002CC217 /* SnapshotHelper.swift */; };
		440E5C9E1DD790A0003E2C45 /* Ensembles.framework in Frameworks */ = {isa = PBXBuildFile; fileRef = 440E5C9D1DD790A0003E2C45 /* Ensembles.framework */; };
		440E5C9F1DD790A0003E2C45 /* Ensembles.framework in Embed Frameworks */ = {isa = PBXBuildFile; fileRef = 440E5C9D1DD790A0003E2C45 /* Ensembles.framework */; settings = {ATTRIBUTES = (CodeSignOnCopy, RemoveHeadersOnCopy, ); }; };
		440F69751DDB8FDA00A7D7BB /* CoreDataStackManager.swift in Sources */ = {isa = PBXBuildFile; fileRef = 440F69741DDB8FDA00A7D7BB /* CoreDataStackManager.swift */; };
		440F69761DDB95FC00A7D7BB /* CoreDataStackManager.swift in Sources */ = {isa = PBXBuildFile; fileRef = 440F69741DDB8FDA00A7D7BB /* CoreDataStackManager.swift */; };
		441031681E4487E900E6F6B4 /* MotivationVideoDownloader.swift in Sources */ = {isa = PBXBuildFile; fileRef = 441031671E4487E900E6F6B4 /* MotivationVideoDownloader.swift */; };
		441031691E4487E900E6F6B4 /* MotivationVideoDownloader.swift in Sources */ = {isa = PBXBuildFile; fileRef = 441031671E4487E900E6F6B4 /* MotivationVideoDownloader.swift */; };
		441031731E4790A600E6F6B4 /* Onboarding.swift in Sources */ = {isa = PBXBuildFile; fileRef = 441031721E4790A600E6F6B4 /* Onboarding.swift */; };
		441031741E4790A600E6F6B4 /* Onboarding.swift in Sources */ = {isa = PBXBuildFile; fileRef = 441031721E4790A600E6F6B4 /* Onboarding.swift */; };
		441172DA1DD8DFA000E41E87 /* Toucan.framework in Frameworks */ = {isa = PBXBuildFile; fileRef = 441172D91DD8DFA000E41E87 /* Toucan.framework */; };
		441172DE1DD9C76100E41E87 /* Assets.xcassets in Resources */ = {isa = PBXBuildFile; fileRef = 441172DD1DD9C76100E41E87 /* Assets.xcassets */; };
		4427E5E51DCB4D3700DE615D /* DeviceKit.framework in Frameworks */ = {isa = PBXBuildFile; fileRef = 4427E5E41DCB4D3700DE615D /* DeviceKit.framework */; };
		4438B4771DD49D7800807ABB /* IoniconsSwift.framework in Frameworks */ = {isa = PBXBuildFile; fileRef = 4438B4761DD49D7800807ABB /* IoniconsSwift.framework */; };
		4438B4791DD4AF8E00807ABB /* SnapKit.framework in Frameworks */ = {isa = PBXBuildFile; fileRef = 4438B4781DD4AF8E00807ABB /* SnapKit.framework */; };
		4438B47B1DD4AFA500807ABB /* Alamofire.framework in Frameworks */ = {isa = PBXBuildFile; fileRef = 4438B47A1DD4AFA500807ABB /* Alamofire.framework */; };
		4438B47D1DD4AFB200807ABB /* XCDYouTubeKit.framework in Frameworks */ = {isa = PBXBuildFile; fileRef = 4438B47C1DD4AFB200807ABB /* XCDYouTubeKit.framework */; };
		4438B47F1DD4B50300807ABB /* Log.framework in Frameworks */ = {isa = PBXBuildFile; fileRef = 4438B47E1DD4B50300807ABB /* Log.framework */; };
		4438B4811DD4B57A00807ABB /* SwiftyUserDefaults.framework in Frameworks */ = {isa = PBXBuildFile; fileRef = 4438B4801DD4B57900807ABB /* SwiftyUserDefaults.framework */; };
		447300F81D8DCD1500D8011F /* SnapKit.framework in Frameworks */ = {isa = PBXBuildFile; fileRef = 447300F71D8DCD1500D8011F /* SnapKit.framework */; };
		4476C9E11DB578EC004152C6 /* Segmentio.framework in Frameworks */ = {isa = PBXBuildFile; fileRef = 4476C9E01DB578EC004152C6 /* Segmentio.framework */; };
		447BDE791D93DF3C0034CA93 /* Motivation_HuntTests.swift in Sources */ = {isa = PBXBuildFile; fileRef = 447BDE781D93DF3C0034CA93 /* Motivation_HuntTests.swift */; };
		447F76DF1DD22651000DEBB4 /* ChallengeTableViewCell.swift in Sources */ = {isa = PBXBuildFile; fileRef = 447F76DE1DD22651000DEBB4 /* ChallengeTableViewCell.swift */; };
		448F6B691DD672BD002E570C /* CDECloudKitFileSystem.m in Sources */ = {isa = PBXBuildFile; fileRef = 448F6B681DD672BD002E570C /* CDECloudKitFileSystem.m */; };
		448F6B6A1DD672BD002E570C /* CDECloudKitFileSystem.m in Sources */ = {isa = PBXBuildFile; fileRef = 448F6B681DD672BD002E570C /* CDECloudKitFileSystem.m */; };
		4492906E1DB2C1DD002CE552 /* Extensions.swift in Sources */ = {isa = PBXBuildFile; fileRef = B42F85421CDF27840016F9B2 /* Extensions.swift */; };
		4492906F1DB2C1DD002CE552 /* Extensions.swift in Sources */ = {isa = PBXBuildFile; fileRef = B42F85421CDF27840016F9B2 /* Extensions.swift */; };
		4498D24B1DBEBF020021511A /* XCTestCaseExtensions.swift in Sources */ = {isa = PBXBuildFile; fileRef = 4498D24A1DBEBF020021511A /* XCTestCaseExtensions.swift */; };
		44A1E9B71D987998000948A6 /* DZNEmptyDataSet.framework in Frameworks */ = {isa = PBXBuildFile; fileRef = 44A1E9B61D987998000948A6 /* DZNEmptyDataSet.framework */; };
		44AA57DE1DBCE74A00EBA510 /* IoniconsSwift.framework in Frameworks */ = {isa = PBXBuildFile; fileRef = 44AA57DD1DBCE74A00EBA510 /* IoniconsSwift.framework */; };
		44DE147C1E000DF300BD223B /* CloudKit.framework in Frameworks */ = {isa = PBXBuildFile; fileRef = 44DE147B1E000DF300BD223B /* CloudKit.framework */; };
		44FBA90B1E409171006501BC /* Ensembles.framework in Frameworks */ = {isa = PBXBuildFile; fileRef = 44FBA90A1E409165006501BC /* Ensembles.framework */; };
		44FBA90C1E409171006501BC /* Ensembles.framework in Embed Frameworks */ = {isa = PBXBuildFile; fileRef = 44FBA90A1E409165006501BC /* Ensembles.framework */; settings = {ATTRIBUTES = (CodeSignOnCopy, RemoveHeadersOnCopy, ); }; };
		44FBE5F51DD6000100B8E527 /* Key.plist in Resources */ = {isa = PBXBuildFile; fileRef = B40741F61C89A3AA00AFC870 /* Key.plist */; };
		44FBE5F71DD6001D00B8E527 /* Theme.swift in Sources */ = {isa = PBXBuildFile; fileRef = B4BB50781D638CB600AE1560 /* Theme.swift */; };
		B40741F71C89A3AA00AFC870 /* Key.plist in Resources */ = {isa = PBXBuildFile; fileRef = B40741F61C89A3AA00AFC870 /* Key.plist */; };
		B40D683C1D5ED28600B424D0 /* CloudKit.framework in Frameworks */ = {isa = PBXBuildFile; fileRef = B40D683B1D5ED28600B424D0 /* CloudKit.framework */; };
		B41A9E271C7DAADB001635C2 /* MotivationFeedViewController.swift in Sources */ = {isa = PBXBuildFile; fileRef = B41BF3391C7D0D7200E27074 /* MotivationFeedViewController.swift */; };
		B41BF3381C7D0D7200E27074 /* AppDelegate.swift in Sources */ = {isa = PBXBuildFile; fileRef = B41BF3371C7D0D7200E27074 /* AppDelegate.swift */; };
		B41BF33D1C7D0D7200E27074 /* Main.storyboard in Resources */ = {isa = PBXBuildFile; fileRef = B41BF33B1C7D0D7200E27074 /* Main.storyboard */; };
		B41BF3421C7D0D7200E27074 /* Assets.xcassets in Resources */ = {isa = PBXBuildFile; fileRef = B41BF3411C7D0D7200E27074 /* Assets.xcassets */; };
		B41BF3451C7D0D7200E27074 /* LaunchScreen.storyboard in Resources */ = {isa = PBXBuildFile; fileRef = B41BF3431C7D0D7200E27074 /* LaunchScreen.storyboard */; };
		B41BF34E1C7D124600E27074 /* ChallengeViewController.swift in Sources */ = {isa = PBXBuildFile; fileRef = B41BF34D1C7D124600E27074 /* ChallengeViewController.swift */; };
		B41BF3521C7D12C800E27074 /* MotivationHunt.xcdatamodeld in Sources */ = {isa = PBXBuildFile; fileRef = B41BF3501C7D12C800E27074 /* MotivationHunt.xcdatamodeld */; };
		B41BF3561C7D153300E27074 /* Challenge.swift in Sources */ = {isa = PBXBuildFile; fileRef = B41BF3551C7D153300E27074 /* Challenge.swift */; };
		B41CE7EA1C8B5B54002FCBC2 /* challengeTableViewCell.swift in Sources */ = {isa = PBXBuildFile; fileRef = B41CE7E91C8B5B54002FCBC2 /* challengeTableViewCell.swift */; };
		B41CE7EC1C8B6F68002FCBC2 /* CustomUIActivityIndicatorView.swift in Sources */ = {isa = PBXBuildFile; fileRef = B41CE7EB1C8B6F68002FCBC2 /* CustomUIActivityIndicatorView.swift */; };
		B41F472F1D7372E50075C2EA /* Onboard.framework in Frameworks */ = {isa = PBXBuildFile; fileRef = B41F472E1D7372E50075C2EA /* Onboard.framework */; };
		B41F47311D737E170075C2EA /* SwiftyUserDefaults.framework in Frameworks */ = {isa = PBXBuildFile; fileRef = B41F47301D737E170075C2EA /* SwiftyUserDefaults.framework */; };
		B423E34C1CC627DD0020D39D /* MotivationCollectionViewCell.swift in Sources */ = {isa = PBXBuildFile; fileRef = B423E34B1CC627DD0020D39D /* MotivationCollectionViewCell.swift */; };
		B42A4ED01CBD20CC00D9593D /* AppDelegate.swift in Sources */ = {isa = PBXBuildFile; fileRef = B42A4ECF1CBD20CC00D9593D /* AppDelegate.swift */; };
		B42A4ED21CBD20CC00D9593D /* MotivationFeedViewController.swift in Sources */ = {isa = PBXBuildFile; fileRef = B42A4ED11CBD20CC00D9593D /* MotivationFeedViewController.swift */; };
		B42A4ED41CBD20CC00D9593D /* ChallengeViewController.swift in Sources */ = {isa = PBXBuildFile; fileRef = B42A4ED31CBD20CC00D9593D /* ChallengeViewController.swift */; };
		B42A4ED71CBD20CC00D9593D /* Main.storyboard in Resources */ = {isa = PBXBuildFile; fileRef = B42A4ED51CBD20CC00D9593D /* Main.storyboard */; };
		B42E42811C81CB6C0095B9BF /* VideoItem.swift in Sources */ = {isa = PBXBuildFile; fileRef = B42E42801C81CB6C0095B9BF /* VideoItem.swift */; };
		B42E42841C81D1350095B9BF /* motivationCollectionViewCell.swift in Sources */ = {isa = PBXBuildFile; fileRef = B42E42831C81D1350095B9BF /* motivationCollectionViewCell.swift */; };
		B42E42861C81DE720095B9BF /* FavouritesViewController.swift in Sources */ = {isa = PBXBuildFile; fileRef = B42E42851C81DE720095B9BF /* FavouritesViewController.swift */; };
		B44ACBC81C89ECEC00C5FF96 /* ImageCache.swift in Sources */ = {isa = PBXBuildFile; fileRef = B44ACBC71C89ECEC00C5FF96 /* ImageCache.swift */; };
		B471CC0C1CC7A66500A65D01 /* Toucan.framework in Frameworks */ = {isa = PBXBuildFile; fileRef = B471CC0B1CC7A66500A65D01 /* Toucan.framework */; };
		B47684841CBD3E8C005AB738 /* Log.framework in Frameworks */ = {isa = PBXBuildFile; fileRef = B47684831CBD3E8C005AB738 /* Log.framework */; };
		B48E1ECE1CC5A15300482581 /* MotivationHunt.xcdatamodeld in Sources */ = {isa = PBXBuildFile; fileRef = B41BF3501C7D12C800E27074 /* MotivationHunt.xcdatamodeld */; };
		B48E1ECF1CC5A15600482581 /* Challenge.swift in Sources */ = {isa = PBXBuildFile; fileRef = B41BF3551C7D153300E27074 /* Challenge.swift */; };
		B48E1ED01CC5A15E00482581 /* VideoItem.swift in Sources */ = {isa = PBXBuildFile; fileRef = B42E42801C81CB6C0095B9BF /* VideoItem.swift */; };
		B48E1ED11CC5A18100482581 /* MHClient.swift in Sources */ = {isa = PBXBuildFile; fileRef = B4DC95511C88CD620041AB31 /* MHClient.swift */; };
		B48E1ED21CC5A1E200482581 /* ImageCache.swift in Sources */ = {isa = PBXBuildFile; fileRef = B44ACBC71C89ECEC00C5FF96 /* ImageCache.swift */; };
		B48E1ED31CC5A1E600482581 /* MHConstant.swift in Sources */ = {isa = PBXBuildFile; fileRef = B4DC95531C88CE8E0041AB31 /* MHConstant.swift */; };
		B4B17E251CE477D800C36F9E /* GoogleAnalytics.framework in Frameworks */ = {isa = PBXBuildFile; fileRef = B4B17E241CE477D800C36F9E /* GoogleAnalytics.framework */; };
		B4B17E271CE4789300C36F9E /* GoogleService-Info.plist in Resources */ = {isa = PBXBuildFile; fileRef = B4B17E261CE4789300C36F9E /* GoogleService-Info.plist */; };
		B4B17E281CE4789300C36F9E /* GoogleService-Info.plist in Resources */ = {isa = PBXBuildFile; fileRef = B4B17E261CE4789300C36F9E /* GoogleService-Info.plist */; };
		B4BB50791D638CB600AE1560 /* Theme.swift in Sources */ = {isa = PBXBuildFile; fileRef = B4BB50781D638CB600AE1560 /* Theme.swift */; };
		B4C8D04A1D666E7B00E32FEE /* PinpointKit.framework in Frameworks */ = {isa = PBXBuildFile; fileRef = B4C8D0491D666E7B00E32FEE /* PinpointKit.framework */; };
		B4DC90D11CCD2CD100CA1C46 /* YouTubePlayer.framework in Frameworks */ = {isa = PBXBuildFile; fileRef = B4DC90D01CCD2CD100CA1C46 /* YouTubePlayer.framework */; };
		B4DC95521C88CD620041AB31 /* MHClient.swift in Sources */ = {isa = PBXBuildFile; fileRef = B4DC95511C88CD620041AB31 /* MHClient.swift */; };
		B4DC95541C88CE8E0041AB31 /* MHConstant.swift in Sources */ = {isa = PBXBuildFile; fileRef = B4DC95531C88CE8E0041AB31 /* MHConstant.swift */; };
		B4EA3A8E1CD5152B00AE117F /* Alamofire.framework in Frameworks */ = {isa = PBXBuildFile; fileRef = B4EA3A8D1CD5152B00AE117F /* Alamofire.framework */; };
/* End PBXBuildFile section */

/* Begin PBXContainerItemProxy section */
		44083A891DBE8354002CC217 /* PBXContainerItemProxy */ = {
			isa = PBXContainerItemProxy;
			containerPortal = B41BF32C1C7D0D7200E27074 /* Project object */;
			proxyType = 1;
			remoteGlobalIDString = B41BF3331C7D0D7200E27074;
			remoteInfo = "Motivation Hunt";
		};
		447BDE7B1D93DF3C0034CA93 /* PBXContainerItemProxy */ = {
			isa = PBXContainerItemProxy;
			containerPortal = B41BF32C1C7D0D7200E27074 /* Project object */;
			proxyType = 1;
			remoteGlobalIDString = B41BF3331C7D0D7200E27074;
			remoteInfo = "Motivation Hunt";
		};
		44FBA9011E409165006501BC /* PBXContainerItemProxy */ = {
			isa = PBXContainerItemProxy;
			containerPortal = 44FBA8F51E409164006501BC /* Ensembles iOS.xcodeproj */;
			proxyType = 2;
			remoteGlobalIDString = 07BF374517F184DD00C56F64;
			remoteInfo = "Ensembles iOS";
		};
		44FBA9031E409165006501BC /* PBXContainerItemProxy */ = {
			isa = PBXContainerItemProxy;
			containerPortal = 44FBA8F51E409164006501BC /* Ensembles iOS.xcodeproj */;
			proxyType = 2;
			remoteGlobalIDString = 07571F0F1910EC02008479A9;
			remoteInfo = "Ensembles Resources";
		};
		44FBA9051E409165006501BC /* PBXContainerItemProxy */ = {
			isa = PBXContainerItemProxy;
			containerPortal = 44FBA8F51E409164006501BC /* Ensembles iOS.xcodeproj */;
			proxyType = 2;
			remoteGlobalIDString = 070D336118018A960054BA23;
			remoteInfo = "Tests iOS";
		};
		44FBA9071E409165006501BC /* PBXContainerItemProxy */ = {
			isa = PBXContainerItemProxy;
			containerPortal = 44FBA8F51E409164006501BC /* Ensembles iOS.xcodeproj */;
			proxyType = 2;
			remoteGlobalIDString = E9D6301A1BFEB26300B60D60;
			remoteInfo = "Ensembles iOS Module";
		};
		44FBA9091E409165006501BC /* PBXContainerItemProxy */ = {
			isa = PBXContainerItemProxy;
			containerPortal = 44FBA8F51E409164006501BC /* Ensembles iOS.xcodeproj */;
			proxyType = 2;
			remoteGlobalIDString = 07AC052D1D6D8D0E00AF2337;
			remoteInfo = "Ensembles tvOS";
		};
		44FBA90D1E409171006501BC /* PBXContainerItemProxy */ = {
			isa = PBXContainerItemProxy;
			containerPortal = 44FBA8F51E409164006501BC /* Ensembles iOS.xcodeproj */;
			proxyType = 1;
			remoteGlobalIDString = 07AC052C1D6D8D0E00AF2337;
			remoteInfo = "Ensembles tvOS";
		};
/* End PBXContainerItemProxy section */

/* Begin PBXCopyFilesBuildPhase section */
		440E5CA01DD790A1003E2C45 /* Embed Frameworks */ = {
			isa = PBXCopyFilesBuildPhase;
			buildActionMask = 2147483647;
			dstPath = "";
			dstSubfolderSpec = 10;
			files = (
				440E5C9F1DD790A0003E2C45 /* Ensembles.framework in Embed Frameworks */,
			);
			name = "Embed Frameworks";
			runOnlyForDeploymentPostprocessing = 0;
		};
		44FBA90F1E409171006501BC /* Embed Frameworks */ = {
			isa = PBXCopyFilesBuildPhase;
			buildActionMask = 2147483647;
			dstPath = "";
			dstSubfolderSpec = 10;
			files = (
				44FBA90C1E409171006501BC /* Ensembles.framework in Embed Frameworks */,
			);
			name = "Embed Frameworks";
			runOnlyForDeploymentPostprocessing = 0;
		};
/* End PBXCopyFilesBuildPhase section */

/* Begin PBXFileReference section */
		4405EBB21DDA55770070CB98 /* FavouritesViewController.swift */ = {isa = PBXFileReference; fileEncoding = 4; lastKnownFileType = sourcecode.swift; path = FavouritesViewController.swift; sourceTree = "<group>"; };
		44083A841DBE8354002CC217 /* Motivation HuntUITests.xctest */ = {isa = PBXFileReference; explicitFileType = wrapper.cfbundle; includeInIndex = 0; path = "Motivation HuntUITests.xctest"; sourceTree = BUILT_PRODUCTS_DIR; };
		44083A861DBE8354002CC217 /* Motivation_HuntUITests.swift */ = {isa = PBXFileReference; lastKnownFileType = sourcecode.swift; path = Motivation_HuntUITests.swift; sourceTree = "<group>"; };
		44083A881DBE8354002CC217 /* Info.plist */ = {isa = PBXFileReference; lastKnownFileType = text.plist.xml; path = Info.plist; sourceTree = "<group>"; };
		44083A8E1DBE83BB002CC217 /* SnapshotHelper.swift */ = {isa = PBXFileReference; fileEncoding = 4; lastKnownFileType = sourcecode.swift; path = SnapshotHelper.swift; sourceTree = "<group>"; };
		440E5C9D1DD790A0003E2C45 /* Ensembles.framework */ = {isa = PBXFileReference; lastKnownFileType = wrapper.framework; name = Ensembles.framework; path = Carthage/Build/iOS/Ensembles.framework; sourceTree = "<group>"; };
		440F69741DDB8FDA00A7D7BB /* CoreDataStackManager.swift */ = {isa = PBXFileReference; fileEncoding = 4; lastKnownFileType = sourcecode.swift; path = CoreDataStackManager.swift; sourceTree = "<group>"; };
		441031671E4487E900E6F6B4 /* MotivationVideoDownloader.swift */ = {isa = PBXFileReference; fileEncoding = 4; lastKnownFileType = sourcecode.swift; path = MotivationVideoDownloader.swift; sourceTree = "<group>"; };
		441031721E4790A600E6F6B4 /* Onboarding.swift */ = {isa = PBXFileReference; fileEncoding = 4; lastKnownFileType = sourcecode.swift; path = Onboarding.swift; sourceTree = "<group>"; };
		441172D91DD8DFA000E41E87 /* Toucan.framework */ = {isa = PBXFileReference; lastKnownFileType = wrapper.framework; name = Toucan.framework; path = Carthage/Build/tvOS/Toucan.framework; sourceTree = "<group>"; };
		441172DD1DD9C76100E41E87 /* Assets.xcassets */ = {isa = PBXFileReference; lastKnownFileType = folder.assetcatalog; path = Assets.xcassets; sourceTree = "<group>"; };
		4427E5E41DCB4D3700DE615D /* DeviceKit.framework */ = {isa = PBXFileReference; lastKnownFileType = wrapper.framework; name = DeviceKit.framework; path = Carthage/Build/iOS/DeviceKit.framework; sourceTree = "<group>"; };
		4438B4761DD49D7800807ABB /* IoniconsSwift.framework */ = {isa = PBXFileReference; lastKnownFileType = wrapper.framework; name = IoniconsSwift.framework; path = Carthage/Build/tvOS/IoniconsSwift.framework; sourceTree = "<group>"; };
		4438B4781DD4AF8E00807ABB /* SnapKit.framework */ = {isa = PBXFileReference; lastKnownFileType = wrapper.framework; name = SnapKit.framework; path = Carthage/Build/tvOS/SnapKit.framework; sourceTree = "<group>"; };
		4438B47A1DD4AFA500807ABB /* Alamofire.framework */ = {isa = PBXFileReference; lastKnownFileType = wrapper.framework; name = Alamofire.framework; path = Carthage/Build/tvOS/Alamofire.framework; sourceTree = "<group>"; };
		4438B47C1DD4AFB200807ABB /* XCDYouTubeKit.framework */ = {isa = PBXFileReference; lastKnownFileType = wrapper.framework; name = XCDYouTubeKit.framework; path = Carthage/Build/tvOS/XCDYouTubeKit.framework; sourceTree = "<group>"; };
		4438B47E1DD4B50300807ABB /* Log.framework */ = {isa = PBXFileReference; lastKnownFileType = wrapper.framework; name = Log.framework; path = Carthage/Build/tvOS/Log.framework; sourceTree = "<group>"; };
		4438B4801DD4B57900807ABB /* SwiftyUserDefaults.framework */ = {isa = PBXFileReference; lastKnownFileType = wrapper.framework; name = SwiftyUserDefaults.framework; path = Carthage/Build/tvOS/SwiftyUserDefaults.framework; sourceTree = "<group>"; };
		447300F71D8DCD1500D8011F /* SnapKit.framework */ = {isa = PBXFileReference; lastKnownFileType = wrapper.framework; name = SnapKit.framework; path = Carthage/Build/iOS/SnapKit.framework; sourceTree = "<group>"; };
		4476C9E01DB578EC004152C6 /* Segmentio.framework */ = {isa = PBXFileReference; lastKnownFileType = wrapper.framework; name = Segmentio.framework; path = Carthage/Build/iOS/Segmentio.framework; sourceTree = "<group>"; };
		447BDE761D93DF3C0034CA93 /* Motivation-HuntTests.xctest */ = {isa = PBXFileReference; explicitFileType = wrapper.cfbundle; includeInIndex = 0; path = "Motivation-HuntTests.xctest"; sourceTree = BUILT_PRODUCTS_DIR; };
		447BDE781D93DF3C0034CA93 /* Motivation_HuntTests.swift */ = {isa = PBXFileReference; lastKnownFileType = sourcecode.swift; path = Motivation_HuntTests.swift; sourceTree = "<group>"; };
		447BDE7A1D93DF3C0034CA93 /* Info.plist */ = {isa = PBXFileReference; lastKnownFileType = text.plist.xml; path = Info.plist; sourceTree = "<group>"; };
		447F76DE1DD22651000DEBB4 /* ChallengeTableViewCell.swift */ = {isa = PBXFileReference; fileEncoding = 4; lastKnownFileType = sourcecode.swift; path = ChallengeTableViewCell.swift; sourceTree = "<group>"; };
		448F6B671DD672BD002E570C /* CDECloudKitFileSystem.h */ = {isa = PBXFileReference; fileEncoding = 4; lastKnownFileType = sourcecode.c.h; path = CDECloudKitFileSystem.h; sourceTree = "<group>"; };
		448F6B681DD672BD002E570C /* CDECloudKitFileSystem.m */ = {isa = PBXFileReference; fileEncoding = 4; lastKnownFileType = sourcecode.c.objc; path = CDECloudKitFileSystem.m; sourceTree = "<group>"; };
		4498D24A1DBEBF020021511A /* XCTestCaseExtensions.swift */ = {isa = PBXFileReference; fileEncoding = 4; lastKnownFileType = sourcecode.swift; path = XCTestCaseExtensions.swift; sourceTree = "<group>"; };
		449B11E21E001F6100686474 /* Ensembles.framework */ = {isa = PBXFileReference; lastKnownFileType = wrapper.framework; name = Ensembles.framework; path = Carthage/Build/tvOS/Ensembles.framework; sourceTree = "<group>"; };
		44A1E9B61D987998000948A6 /* DZNEmptyDataSet.framework */ = {isa = PBXFileReference; lastKnownFileType = wrapper.framework; name = DZNEmptyDataSet.framework; path = Carthage/Build/iOS/DZNEmptyDataSet.framework; sourceTree = "<group>"; };
		44AA57DD1DBCE74A00EBA510 /* IoniconsSwift.framework */ = {isa = PBXFileReference; lastKnownFileType = wrapper.framework; name = IoniconsSwift.framework; path = Carthage/Build/iOS/IoniconsSwift.framework; sourceTree = "<group>"; };
		44C10FEF1DDB63C40092F0DE /* Motivation Hunt.entitlements */ = {isa = PBXFileReference; fileEncoding = 4; lastKnownFileType = text.plist.entitlements; path = "Motivation Hunt.entitlements"; sourceTree = "<group>"; };
		44DE147B1E000DF300BD223B /* CloudKit.framework */ = {isa = PBXFileReference; lastKnownFileType = wrapper.framework; name = CloudKit.framework; path = Platforms/AppleTVOS.platform/Developer/SDKs/AppleTVOS10.1.sdk/System/Library/Frameworks/CloudKit.framework; sourceTree = DEVELOPER_DIR; };
		44FBA8F51E409164006501BC /* Ensembles iOS.xcodeproj */ = {isa = PBXFileReference; lastKnownFileType = "wrapper.pb-project"; name = "Ensembles iOS.xcodeproj"; path = "../../Downloads/Ensembles Basic Support/Ensembles 2.5.1/Source Code/Ensembles/Framework/Ensembles iOS.xcodeproj"; sourceTree = "<group>"; };
		B40741F61C89A3AA00AFC870 /* Key.plist */ = {isa = PBXFileReference; fileEncoding = 4; lastKnownFileType = text.plist.xml; path = Key.plist; sourceTree = "<group>"; };
		B40D683B1D5ED28600B424D0 /* CloudKit.framework */ = {isa = PBXFileReference; lastKnownFileType = wrapper.framework; name = CloudKit.framework; path = System/Library/Frameworks/CloudKit.framework; sourceTree = SDKROOT; };
		B41BF3341C7D0D7200E27074 /* Motivation Hunt.app */ = {isa = PBXFileReference; explicitFileType = wrapper.application; includeInIndex = 0; path = "Motivation Hunt.app"; sourceTree = BUILT_PRODUCTS_DIR; };
		B41BF3371C7D0D7200E27074 /* AppDelegate.swift */ = {isa = PBXFileReference; lastKnownFileType = sourcecode.swift; path = AppDelegate.swift; sourceTree = "<group>"; };
		B41BF3391C7D0D7200E27074 /* MotivationFeedViewController.swift */ = {isa = PBXFileReference; lastKnownFileType = sourcecode.swift; path = MotivationFeedViewController.swift; sourceTree = "<group>"; };
		B41BF33C1C7D0D7200E27074 /* Base */ = {isa = PBXFileReference; lastKnownFileType = file.storyboard; name = Base; path = Base.lproj/Main.storyboard; sourceTree = "<group>"; };
		B41BF3411C7D0D7200E27074 /* Assets.xcassets */ = {isa = PBXFileReference; lastKnownFileType = folder.assetcatalog; path = Assets.xcassets; sourceTree = "<group>"; };
		B41BF3441C7D0D7200E27074 /* Base */ = {isa = PBXFileReference; lastKnownFileType = file.storyboard; name = Base; path = Base.lproj/LaunchScreen.storyboard; sourceTree = "<group>"; };
		B41BF3461C7D0D7200E27074 /* Info.plist */ = {isa = PBXFileReference; lastKnownFileType = text.plist.xml; path = Info.plist; sourceTree = "<group>"; };
		B41BF34D1C7D124600E27074 /* ChallengeViewController.swift */ = {isa = PBXFileReference; fileEncoding = 4; lastKnownFileType = sourcecode.swift; path = ChallengeViewController.swift; sourceTree = "<group>"; };
		B41BF3511C7D12C800E27074 /* MotivationHunt.xcdatamodel */ = {isa = PBXFileReference; lastKnownFileType = wrapper.xcdatamodel; path = MotivationHunt.xcdatamodel; sourceTree = "<group>"; };
		B41BF3551C7D153300E27074 /* Challenge.swift */ = {isa = PBXFileReference; fileEncoding = 4; lastKnownFileType = sourcecode.swift; path = Challenge.swift; sourceTree = "<group>"; };
		B41CE7E91C8B5B54002FCBC2 /* challengeTableViewCell.swift */ = {isa = PBXFileReference; fileEncoding = 4; lastKnownFileType = sourcecode.swift; path = challengeTableViewCell.swift; sourceTree = "<group>"; };
		B41CE7EB1C8B6F68002FCBC2 /* CustomUIActivityIndicatorView.swift */ = {isa = PBXFileReference; fileEncoding = 4; lastKnownFileType = sourcecode.swift; path = CustomUIActivityIndicatorView.swift; sourceTree = "<group>"; };
		B41F472E1D7372E50075C2EA /* Onboard.framework */ = {isa = PBXFileReference; lastKnownFileType = wrapper.framework; name = Onboard.framework; path = Carthage/Build/iOS/Onboard.framework; sourceTree = "<group>"; };
		B41F47301D737E170075C2EA /* SwiftyUserDefaults.framework */ = {isa = PBXFileReference; lastKnownFileType = wrapper.framework; name = SwiftyUserDefaults.framework; path = Carthage/Build/iOS/SwiftyUserDefaults.framework; sourceTree = "<group>"; };
		B423E34B1CC627DD0020D39D /* MotivationCollectionViewCell.swift */ = {isa = PBXFileReference; fileEncoding = 4; lastKnownFileType = sourcecode.swift; path = MotivationCollectionViewCell.swift; sourceTree = "<group>"; };
		B42A4ECD1CBD20CC00D9593D /* Motivation Hunt TV.app */ = {isa = PBXFileReference; explicitFileType = wrapper.application; includeInIndex = 0; path = "Motivation Hunt TV.app"; sourceTree = BUILT_PRODUCTS_DIR; };
		B42A4ECF1CBD20CC00D9593D /* AppDelegate.swift */ = {isa = PBXFileReference; lastKnownFileType = sourcecode.swift; path = AppDelegate.swift; sourceTree = "<group>"; };
		B42A4ED11CBD20CC00D9593D /* MotivationFeedViewController.swift */ = {isa = PBXFileReference; lastKnownFileType = sourcecode.swift; path = MotivationFeedViewController.swift; sourceTree = "<group>"; };
		B42A4ED31CBD20CC00D9593D /* ChallengeViewController.swift */ = {isa = PBXFileReference; lastKnownFileType = sourcecode.swift; path = ChallengeViewController.swift; sourceTree = "<group>"; };
		B42A4ED61CBD20CC00D9593D /* Base */ = {isa = PBXFileReference; lastKnownFileType = file.storyboard; name = Base; path = Base.lproj/Main.storyboard; sourceTree = "<group>"; };
		B42A4EDA1CBD20CC00D9593D /* Info.plist */ = {isa = PBXFileReference; lastKnownFileType = text.plist.xml; path = Info.plist; sourceTree = "<group>"; };
		B42E42801C81CB6C0095B9BF /* VideoItem.swift */ = {isa = PBXFileReference; fileEncoding = 4; lastKnownFileType = sourcecode.swift; path = VideoItem.swift; sourceTree = "<group>"; };
		B42E42831C81D1350095B9BF /* motivationCollectionViewCell.swift */ = {isa = PBXFileReference; fileEncoding = 4; lastKnownFileType = sourcecode.swift; path = motivationCollectionViewCell.swift; sourceTree = "<group>"; };
		B42E42851C81DE720095B9BF /* FavouritesViewController.swift */ = {isa = PBXFileReference; fileEncoding = 4; lastKnownFileType = sourcecode.swift; path = FavouritesViewController.swift; sourceTree = "<group>"; };
		B42F85421CDF27840016F9B2 /* Extensions.swift */ = {isa = PBXFileReference; fileEncoding = 4; lastKnownFileType = sourcecode.swift; path = Extensions.swift; sourceTree = "<group>"; };
		B43403FC1CBD6CE500F9793E /* Motivation Hunt TV.entitlements */ = {isa = PBXFileReference; lastKnownFileType = text.xml; path = "Motivation Hunt TV.entitlements"; sourceTree = "<group>"; };
		B44ACBC71C89ECEC00C5FF96 /* ImageCache.swift */ = {isa = PBXFileReference; fileEncoding = 4; lastKnownFileType = sourcecode.swift; path = ImageCache.swift; sourceTree = "<group>"; };
		B46A76C41D58F7EF00ADBF43 /* Motivation Hunt-Bridging-Header.h */ = {isa = PBXFileReference; lastKnownFileType = sourcecode.c.h; path = "Motivation Hunt-Bridging-Header.h"; sourceTree = "<group>"; };
		B46A76C51D58F7F000ADBF43 /* Motivation Hunt TV-Bridging-Header.h */ = {isa = PBXFileReference; lastKnownFileType = sourcecode.c.h; path = "Motivation Hunt TV-Bridging-Header.h"; sourceTree = "<group>"; };
		B471CC0B1CC7A66500A65D01 /* Toucan.framework */ = {isa = PBXFileReference; lastKnownFileType = wrapper.framework; name = Toucan.framework; path = Carthage/Build/iOS/Toucan.framework; sourceTree = "<group>"; };
		B47684831CBD3E8C005AB738 /* Log.framework */ = {isa = PBXFileReference; lastKnownFileType = wrapper.framework; name = Log.framework; path = Carthage/Build/iOS/Log.framework; sourceTree = "<group>"; };
		B4B17E241CE477D800C36F9E /* GoogleAnalytics.framework */ = {isa = PBXFileReference; lastKnownFileType = wrapper.framework; name = GoogleAnalytics.framework; path = Carthage/Build/iOS/GoogleAnalytics.framework; sourceTree = "<group>"; };
		B4B17E261CE4789300C36F9E /* GoogleService-Info.plist */ = {isa = PBXFileReference; fileEncoding = 4; lastKnownFileType = text.plist.xml; path = "GoogleService-Info.plist"; sourceTree = "<group>"; };
		B4BB50781D638CB600AE1560 /* Theme.swift */ = {isa = PBXFileReference; fileEncoding = 4; lastKnownFileType = sourcecode.swift; path = Theme.swift; sourceTree = "<group>"; };
		B4C8D0491D666E7B00E32FEE /* PinpointKit.framework */ = {isa = PBXFileReference; lastKnownFileType = wrapper.framework; name = PinpointKit.framework; path = Carthage/Build/iOS/PinpointKit.framework; sourceTree = "<group>"; };
		B4DC90D01CCD2CD100CA1C46 /* YouTubePlayer.framework */ = {isa = PBXFileReference; lastKnownFileType = wrapper.framework; name = YouTubePlayer.framework; path = Carthage/Build/iOS/YouTubePlayer.framework; sourceTree = "<group>"; };
		B4DC95511C88CD620041AB31 /* MHClient.swift */ = {isa = PBXFileReference; fileEncoding = 4; lastKnownFileType = sourcecode.swift; path = MHClient.swift; sourceTree = "<group>"; };
		B4DC95531C88CE8E0041AB31 /* MHConstant.swift */ = {isa = PBXFileReference; fileEncoding = 4; lastKnownFileType = sourcecode.swift; path = MHConstant.swift; sourceTree = "<group>"; };
		B4EA3A8D1CD5152B00AE117F /* Alamofire.framework */ = {isa = PBXFileReference; lastKnownFileType = wrapper.framework; name = Alamofire.framework; path = Carthage/Build/iOS/Alamofire.framework; sourceTree = "<group>"; };
/* End PBXFileReference section */

/* Begin PBXFrameworksBuildPhase section */
		44083A811DBE8354002CC217 /* Frameworks */ = {
			isa = PBXFrameworksBuildPhase;
			buildActionMask = 2147483647;
			files = (
			);
			runOnlyForDeploymentPostprocessing = 0;
		};
		447BDE731D93DF3C0034CA93 /* Frameworks */ = {
			isa = PBXFrameworksBuildPhase;
			buildActionMask = 2147483647;
			files = (
			);
			runOnlyForDeploymentPostprocessing = 0;
		};
		B41BF3311C7D0D7200E27074 /* Frameworks */ = {
			isa = PBXFrameworksBuildPhase;
			buildActionMask = 2147483647;
			files = (
				B40D683C1D5ED28600B424D0 /* CloudKit.framework in Frameworks */,
				44AA57DE1DBCE74A00EBA510 /* IoniconsSwift.framework in Frameworks */,
				B41F472F1D7372E50075C2EA /* Onboard.framework in Frameworks */,
				B41F47311D737E170075C2EA /* SwiftyUserDefaults.framework in Frameworks */,
				4427E5E51DCB4D3700DE615D /* DeviceKit.framework in Frameworks */,
				B4EA3A8E1CD5152B00AE117F /* Alamofire.framework in Frameworks */,
				B4C8D04A1D666E7B00E32FEE /* PinpointKit.framework in Frameworks */,
				447300F81D8DCD1500D8011F /* SnapKit.framework in Frameworks */,
				4476C9E11DB578EC004152C6 /* Segmentio.framework in Frameworks */,
				440E5C9E1DD790A0003E2C45 /* Ensembles.framework in Frameworks */,
				B4B17E251CE477D800C36F9E /* GoogleAnalytics.framework in Frameworks */,
				B4DC90D11CCD2CD100CA1C46 /* YouTubePlayer.framework in Frameworks */,
				B471CC0C1CC7A66500A65D01 /* Toucan.framework in Frameworks */,
				44A1E9B71D987998000948A6 /* DZNEmptyDataSet.framework in Frameworks */,
				B47684841CBD3E8C005AB738 /* Log.framework in Frameworks */,
			);
			runOnlyForDeploymentPostprocessing = 0;
		};
		B42A4ECA1CBD20CC00D9593D /* Frameworks */ = {
			isa = PBXFrameworksBuildPhase;
			buildActionMask = 2147483647;
			files = (
				44FBA90B1E409171006501BC /* Ensembles.framework in Frameworks */,
				44DE147C1E000DF300BD223B /* CloudKit.framework in Frameworks */,
				4438B47F1DD4B50300807ABB /* Log.framework in Frameworks */,
				4438B47D1DD4AFB200807ABB /* XCDYouTubeKit.framework in Frameworks */,
				441172DA1DD8DFA000E41E87 /* Toucan.framework in Frameworks */,
				4438B4791DD4AF8E00807ABB /* SnapKit.framework in Frameworks */,
				4438B4811DD4B57A00807ABB /* SwiftyUserDefaults.framework in Frameworks */,
				4438B47B1DD4AFA500807ABB /* Alamofire.framework in Frameworks */,
				4438B4771DD49D7800807ABB /* IoniconsSwift.framework in Frameworks */,
			);
			runOnlyForDeploymentPostprocessing = 0;
		};
/* End PBXFrameworksBuildPhase section */

/* Begin PBXGroup section */
		44083A851DBE8354002CC217 /* Motivation HuntUITests */ = {
			isa = PBXGroup;
			children = (
				44083A881DBE8354002CC217 /* Info.plist */,
				44083A861DBE8354002CC217 /* Motivation_HuntUITests.swift */,
				44083A8E1DBE83BB002CC217 /* SnapshotHelper.swift */,
				4498D24A1DBEBF020021511A /* XCTestCaseExtensions.swift */,
			);
			path = "Motivation HuntUITests";
			sourceTree = "<group>";
		};
		447BDE771D93DF3C0034CA93 /* Motivation-HuntTests */ = {
			isa = PBXGroup;
			children = (
				447BDE7A1D93DF3C0034CA93 /* Info.plist */,
				447BDE781D93DF3C0034CA93 /* Motivation_HuntTests.swift */,
			);
			path = "Motivation-HuntTests";
			sourceTree = "<group>";
		};
		447F76D81DD21A3F000DEBB4 /* iOS */ = {
			isa = PBXGroup;
			children = (
				440E5C9D1DD790A0003E2C45 /* Ensembles.framework */,
				44A1E9B61D987998000948A6 /* DZNEmptyDataSet.framework */,
				447300F71D8DCD1500D8011F /* SnapKit.framework */,
				4427E5E41DCB4D3700DE615D /* DeviceKit.framework */,
				44AA57DD1DBCE74A00EBA510 /* IoniconsSwift.framework */,
				4476C9E01DB578EC004152C6 /* Segmentio.framework */,
				B41F47301D737E170075C2EA /* SwiftyUserDefaults.framework */,
				B41F472E1D7372E50075C2EA /* Onboard.framework */,
				B4C8D0491D666E7B00E32FEE /* PinpointKit.framework */,
				B40D683B1D5ED28600B424D0 /* CloudKit.framework */,
				B4B17E241CE477D800C36F9E /* GoogleAnalytics.framework */,
				B4EA3A8D1CD5152B00AE117F /* Alamofire.framework */,
				B4DC90D01CCD2CD100CA1C46 /* YouTubePlayer.framework */,
				B471CC0B1CC7A66500A65D01 /* Toucan.framework */,
				B47684831CBD3E8C005AB738 /* Log.framework */,
			);
			name = iOS;
			sourceTree = "<group>";
		};
		447F76DD1DD2251F000DEBB4 /* Controller */ = {
			isa = PBXGroup;
			children = (
				B42A4ED31CBD20CC00D9593D /* ChallengeViewController.swift */,
				4405EBB21DDA55770070CB98 /* FavouritesViewController.swift */,
				B42A4ED11CBD20CC00D9593D /* MotivationFeedViewController.swift */,
			);
			path = Controller;
			sourceTree = "<group>";
		};
		447F76E31DD22EA7000DEBB4 /* tvOS */ = {
			isa = PBXGroup;
			children = (
				449B11E21E001F6100686474 /* Ensembles.framework */,
				44DE147B1E000DF300BD223B /* CloudKit.framework */,
				441172D91DD8DFA000E41E87 /* Toucan.framework */,
				4438B4801DD4B57900807ABB /* SwiftyUserDefaults.framework */,
				4438B47E1DD4B50300807ABB /* Log.framework */,
				4438B47C1DD4AFB200807ABB /* XCDYouTubeKit.framework */,
				4438B47A1DD4AFA500807ABB /* Alamofire.framework */,
				4438B4781DD4AF8E00807ABB /* SnapKit.framework */,
				4438B4761DD49D7800807ABB /* IoniconsSwift.framework */,
			);
			name = tvOS;
			sourceTree = "<group>";
		};
		44FBA8F61E409164006501BC /* Products */ = {
			isa = PBXGroup;
			children = (
				44FBA9021E409165006501BC /* libensembles.a */,
				44FBA9041E409165006501BC /* Ensembles.bundle */,
				44FBA9061E409165006501BC /* Tests iOS.xctest */,
				44FBA9081E409165006501BC /* Ensembles.framework */,
				44FBA90A1E409165006501BC /* Ensembles.framework */,
			);
			name = Products;
			sourceTree = "<group>";
		};
		B41BF32B1C7D0D7200E27074 = {
			isa = PBXGroup;
			children = (
				B49730EB1CCAEE430086F61D /* Frameworks */,
				B41BF3361C7D0D7200E27074 /* Motivation Hunt */,
				B42A4ECE1CBD20CC00D9593D /* Motivation Hunt TV */,
				44083A851DBE8354002CC217 /* Motivation HuntUITests */,
				447BDE771D93DF3C0034CA93 /* Motivation-HuntTests */,
				B42280081C9D720D0017D5AB /* Shared */,
				B41BF3351C7D0D7200E27074 /* Products */,
				B46A76C51D58F7F000ADBF43 /* Motivation Hunt TV-Bridging-Header.h */,
				B46A76C41D58F7EF00ADBF43 /* Motivation Hunt-Bridging-Header.h */,
			);
			sourceTree = "<group>";
		};
		B41BF3351C7D0D7200E27074 /* Products */ = {
			isa = PBXGroup;
			children = (
				B41BF3341C7D0D7200E27074 /* Motivation Hunt.app */,
				B42A4ECD1CBD20CC00D9593D /* Motivation Hunt TV.app */,
				447BDE761D93DF3C0034CA93 /* Motivation-HuntTests.xctest */,
				44083A841DBE8354002CC217 /* Motivation HuntUITests.xctest */,
			);
			name = Products;
			sourceTree = "<group>";
		};
		B41BF3361C7D0D7200E27074 /* Motivation Hunt */ = {
			isa = PBXGroup;
			children = (
				B41BF34C1C7D122400E27074 /* Controllers */,
				B42E42821C81D1080095B9BF /* View */,
				B41BF3371C7D0D7200E27074 /* AppDelegate.swift */,
				B41BF3411C7D0D7200E27074 /* Assets.xcassets */,
				B41BF3461C7D0D7200E27074 /* Info.plist */,
				44C10FEF1DDB63C40092F0DE /* Motivation Hunt.entitlements */,
			);
			path = "Motivation Hunt";
			sourceTree = "<group>";
		};
		B41BF34C1C7D122400E27074 /* Controllers */ = {
			isa = PBXGroup;
			children = (
				B41BF34D1C7D124600E27074 /* ChallengeViewController.swift */,
				B42E42851C81DE720095B9BF /* FavouritesViewController.swift */,
				B41BF3391C7D0D7200E27074 /* MotivationFeedViewController.swift */,
			);
			path = Controllers;
			sourceTree = "<group>";
		};
		B41BF34F1C7D12A600E27074 /* Models */ = {
			isa = PBXGroup;
			children = (
				B41BF3551C7D153300E27074 /* Challenge.swift */,
				440F69741DDB8FDA00A7D7BB /* CoreDataStackManager.swift */,
				B41BF3501C7D12C800E27074 /* MotivationHunt.xcdatamodeld */,
				B4BB50781D638CB600AE1560 /* Theme.swift */,
				B42E42801C81CB6C0095B9BF /* VideoItem.swift */,
			);
			path = Models;
			sourceTree = "<group>";
		};
		B42280081C9D720D0017D5AB /* Shared */ = {
			isa = PBXGroup;
			children = (
				B4E3B0621D27D28600D538D8 /* Helpers */,
				B41BF34F1C7D12A600E27074 /* Models */,
				B4E3B0611D27D27100D538D8 /* Networking */,
				441031721E4790A600E6F6B4 /* Onboarding.swift */,
			);
			path = Shared;
			sourceTree = "<group>";
		};
		B423E34A1CC627920020D39D /* View */ = {
			isa = PBXGroup;
			children = (
				447F76DE1DD22651000DEBB4 /* ChallengeTableViewCell.swift */,
				B423E34B1CC627DD0020D39D /* MotivationCollectionViewCell.swift */,
			);
			path = View;
			sourceTree = "<group>";
		};
		B42A4ECE1CBD20CC00D9593D /* Motivation Hunt TV */ = {
			isa = PBXGroup;
			children = (
				447F76DD1DD2251F000DEBB4 /* Controller */,
				B423E34A1CC627920020D39D /* View */,
				B42A4ECF1CBD20CC00D9593D /* AppDelegate.swift */,
				441172DD1DD9C76100E41E87 /* Assets.xcassets */,
				B42A4EDA1CBD20CC00D9593D /* Info.plist */,
				B42A4ED51CBD20CC00D9593D /* Main.storyboard */,
				B43403FC1CBD6CE500F9793E /* Motivation Hunt TV.entitlements */,
			);
			path = "Motivation Hunt TV";
			sourceTree = "<group>";
		};
		B42E42821C81D1080095B9BF /* View */ = {
			isa = PBXGroup;
			children = (
				B41CE7EB1C8B6F68002FCBC2 /* CustomUIActivityIndicatorView.swift */,
				B41BF3431C7D0D7200E27074 /* LaunchScreen.storyboard */,
				B41BF33B1C7D0D7200E27074 /* Main.storyboard */,
				B41CE7E91C8B5B54002FCBC2 /* challengeTableViewCell.swift */,
				B42E42831C81D1350095B9BF /* motivationCollectionViewCell.swift */,
			);
			path = View;
			sourceTree = "<group>";
		};
		B49730EB1CCAEE430086F61D /* Frameworks */ = {
			isa = PBXGroup;
			children = (
				44FBA8F51E409164006501BC /* Ensembles iOS.xcodeproj */,
				447F76E31DD22EA7000DEBB4 /* tvOS */,
				447F76D81DD21A3F000DEBB4 /* iOS */,
			);
			name = Frameworks;
			sourceTree = "<group>";
		};
		B4E3B0611D27D27100D538D8 /* Networking */ = {
			isa = PBXGroup;
			children = (
				448F6B671DD672BD002E570C /* CDECloudKitFileSystem.h */,
				448F6B681DD672BD002E570C /* CDECloudKitFileSystem.m */,
				B4DC95511C88CD620041AB31 /* MHClient.swift */,
			);
			path = Networking;
			sourceTree = "<group>";
		};
		B4E3B0621D27D28600D538D8 /* Helpers */ = {
			isa = PBXGroup;
			children = (
				B42F85421CDF27840016F9B2 /* Extensions.swift */,
				B4B17E261CE4789300C36F9E /* GoogleService-Info.plist */,
				B44ACBC71C89ECEC00C5FF96 /* ImageCache.swift */,
				B40741F61C89A3AA00AFC870 /* Key.plist */,
				B4DC95531C88CE8E0041AB31 /* MHConstant.swift */,
				441031671E4487E900E6F6B4 /* MotivationVideoDownloader.swift */,
			);
			path = Helpers;
			sourceTree = "<group>";
		};
/* End PBXGroup section */

/* Begin PBXNativeTarget section */
		44083A831DBE8354002CC217 /* Motivation HuntUITests */ = {
			isa = PBXNativeTarget;
			buildConfigurationList = 44083A8D1DBE8354002CC217 /* Build configuration list for PBXNativeTarget "Motivation HuntUITests" */;
			buildPhases = (
				44083A801DBE8354002CC217 /* Sources */,
				44083A811DBE8354002CC217 /* Frameworks */,
				44083A821DBE8354002CC217 /* Resources */,
			);
			buildRules = (
			);
			dependencies = (
				44083A8A1DBE8354002CC217 /* PBXTargetDependency */,
			);
			name = "Motivation HuntUITests";
			productName = "Motivation HuntUITests";
			productReference = 44083A841DBE8354002CC217 /* Motivation HuntUITests.xctest */;
			productType = "com.apple.product-type.bundle.ui-testing";
		};
		447BDE751D93DF3C0034CA93 /* Motivation-HuntTests */ = {
			isa = PBXNativeTarget;
			buildConfigurationList = 447BDE7F1D93DF3C0034CA93 /* Build configuration list for PBXNativeTarget "Motivation-HuntTests" */;
			buildPhases = (
				447BDE721D93DF3C0034CA93 /* Sources */,
				447BDE731D93DF3C0034CA93 /* Frameworks */,
				447BDE741D93DF3C0034CA93 /* Resources */,
			);
			buildRules = (
			);
			dependencies = (
				447BDE7C1D93DF3C0034CA93 /* PBXTargetDependency */,
			);
			name = "Motivation-HuntTests";
			productName = "Motivation-HuntTests";
			productReference = 447BDE761D93DF3C0034CA93 /* Motivation-HuntTests.xctest */;
			productType = "com.apple.product-type.bundle.unit-test";
		};
		B41BF3331C7D0D7200E27074 /* Motivation Hunt */ = {
			isa = PBXNativeTarget;
			buildConfigurationList = B41BF3491C7D0D7200E27074 /* Build configuration list for PBXNativeTarget "Motivation Hunt" */;
			buildPhases = (
				B41BF3301C7D0D7200E27074 /* Sources */,
				B41BF3311C7D0D7200E27074 /* Frameworks */,
				B41BF3321C7D0D7200E27074 /* Resources */,
				B4ABAA531CA0044100EFEBBA /* ShellScript */,
				440E5CA01DD790A1003E2C45 /* Embed Frameworks */,
			);
			buildRules = (
			);
			dependencies = (
			);
			name = "Motivation Hunt";
			productName = "Motivation Hunt";
			productReference = B41BF3341C7D0D7200E27074 /* Motivation Hunt.app */;
			productType = "com.apple.product-type.application";
		};
		B42A4ECC1CBD20CC00D9593D /* Motivation Hunt TV */ = {
			isa = PBXNativeTarget;
			buildConfigurationList = B42A4EDB1CBD20CC00D9593D /* Build configuration list for PBXNativeTarget "Motivation Hunt TV" */;
			buildPhases = (
				B42A4EC91CBD20CC00D9593D /* Sources */,
				B42A4ECA1CBD20CC00D9593D /* Frameworks */,
				B42A4ECB1CBD20CC00D9593D /* Resources */,
				B42A4EDF1CBD210200D9593D /* ShellScript */,
				44FBA90F1E409171006501BC /* Embed Frameworks */,
			);
			buildRules = (
			);
			dependencies = (
				44FBA90E1E409171006501BC /* PBXTargetDependency */,
			);
			name = "Motivation Hunt TV";
			productName = "Motivation Hunt TV";
			productReference = B42A4ECD1CBD20CC00D9593D /* Motivation Hunt TV.app */;
			productType = "com.apple.product-type.application";
		};
/* End PBXNativeTarget section */

/* Begin PBXProject section */
		B41BF32C1C7D0D7200E27074 /* Project object */ = {
			isa = PBXProject;
			attributes = {
				LastSwiftMigration = 0730;
				LastSwiftUpdateCheck = 0800;
				LastUpgradeCheck = 0810;
				ORGANIZATIONNAME = "Jefferson Bonnaire";
				TargetAttributes = {
					44083A831DBE8354002CC217 = {
						CreatedOnToolsVersion = 8.0;
						DevelopmentTeam = DXXE2BH2EU;
						ProvisioningStyle = Automatic;
						TestTargetID = B41BF3331C7D0D7200E27074;
					};
					447BDE751D93DF3C0034CA93 = {
						CreatedOnToolsVersion = 8.0;
						DevelopmentTeam = DXXE2BH2EU;
						ProvisioningStyle = Automatic;
						TestTargetID = B41BF3331C7D0D7200E27074;
					};
					B41BF3331C7D0D7200E27074 = {
						CreatedOnToolsVersion = 7.2.1;
						DevelopmentTeam = DXXE2BH2EU;
						LastSwiftMigration = 0800;
						ProvisioningStyle = Automatic;
						SystemCapabilities = {
							com.apple.ApplicationGroups.iOS = {
								enabled = 1;
							};
							com.apple.BackgroundModes = {
								enabled = 1;
							};
							com.apple.Push = {
								enabled = 1;
							};
							com.apple.iCloud = {
								enabled = 1;
							};
						};
					};
					B42A4ECC1CBD20CC00D9593D = {
						CreatedOnToolsVersion = 7.3;
						DevelopmentTeam = DXXE2BH2EU;
						LastSwiftMigration = 0810;
						SystemCapabilities = {
							com.apple.ApplicationGroups.iOS = {
								enabled = 1;
							};
							com.apple.Push = {
								enabled = 1;
							};
							com.apple.iCloud = {
								enabled = 1;
							};
						};
					};
				};
			};
			buildConfigurationList = B41BF32F1C7D0D7200E27074 /* Build configuration list for PBXProject "Motivation Hunt" */;
			compatibilityVersion = "Xcode 3.2";
			developmentRegion = English;
			hasScannedForEncodings = 0;
			knownRegions = (
				en,
				Base,
			);
			mainGroup = B41BF32B1C7D0D7200E27074;
			productRefGroup = B41BF3351C7D0D7200E27074 /* Products */;
			projectDirPath = "";
			projectReferences = (
				{
					ProductGroup = 44FBA8F61E409164006501BC /* Products */;
					ProjectRef = 44FBA8F51E409164006501BC /* Ensembles iOS.xcodeproj */;
				},
			);
			projectRoot = "";
			targets = (
				B41BF3331C7D0D7200E27074 /* Motivation Hunt */,
				B42A4ECC1CBD20CC00D9593D /* Motivation Hunt TV */,
				447BDE751D93DF3C0034CA93 /* Motivation-HuntTests */,
				44083A831DBE8354002CC217 /* Motivation HuntUITests */,
			);
		};
/* End PBXProject section */

/* Begin PBXReferenceProxy section */
		44FBA9021E409165006501BC /* libensembles.a */ = {
			isa = PBXReferenceProxy;
			fileType = archive.ar;
			path = libensembles.a;
			remoteRef = 44FBA9011E409165006501BC /* PBXContainerItemProxy */;
			sourceTree = BUILT_PRODUCTS_DIR;
		};
		44FBA9041E409165006501BC /* Ensembles.bundle */ = {
			isa = PBXReferenceProxy;
			fileType = wrapper.cfbundle;
			path = Ensembles.bundle;
			remoteRef = 44FBA9031E409165006501BC /* PBXContainerItemProxy */;
			sourceTree = BUILT_PRODUCTS_DIR;
		};
		44FBA9061E409165006501BC /* Tests iOS.xctest */ = {
			isa = PBXReferenceProxy;
			fileType = wrapper.cfbundle;
			path = "Tests iOS.xctest";
			remoteRef = 44FBA9051E409165006501BC /* PBXContainerItemProxy */;
			sourceTree = BUILT_PRODUCTS_DIR;
		};
		44FBA9081E409165006501BC /* Ensembles.framework */ = {
			isa = PBXReferenceProxy;
			fileType = wrapper.framework;
			path = Ensembles.framework;
			remoteRef = 44FBA9071E409165006501BC /* PBXContainerItemProxy */;
			sourceTree = BUILT_PRODUCTS_DIR;
		};
		44FBA90A1E409165006501BC /* Ensembles.framework */ = {
			isa = PBXReferenceProxy;
			fileType = wrapper.framework;
			path = Ensembles.framework;
			remoteRef = 44FBA9091E409165006501BC /* PBXContainerItemProxy */;
			sourceTree = BUILT_PRODUCTS_DIR;
		};
/* End PBXReferenceProxy section */

/* Begin PBXResourcesBuildPhase section */
		44083A821DBE8354002CC217 /* Resources */ = {
			isa = PBXResourcesBuildPhase;
			buildActionMask = 2147483647;
			files = (
			);
			runOnlyForDeploymentPostprocessing = 0;
		};
		447BDE741D93DF3C0034CA93 /* Resources */ = {
			isa = PBXResourcesBuildPhase;
			buildActionMask = 2147483647;
			files = (
			);
			runOnlyForDeploymentPostprocessing = 0;
		};
		B41BF3321C7D0D7200E27074 /* Resources */ = {
			isa = PBXResourcesBuildPhase;
			buildActionMask = 2147483647;
			files = (
				B40741F71C89A3AA00AFC870 /* Key.plist in Resources */,
				B41BF3451C7D0D7200E27074 /* LaunchScreen.storyboard in Resources */,
				B4B17E271CE4789300C36F9E /* GoogleService-Info.plist in Resources */,
				B41BF3421C7D0D7200E27074 /* Assets.xcassets in Resources */,
				B41BF33D1C7D0D7200E27074 /* Main.storyboard in Resources */,
			);
			runOnlyForDeploymentPostprocessing = 0;
		};
		B42A4ECB1CBD20CC00D9593D /* Resources */ = {
			isa = PBXResourcesBuildPhase;
			buildActionMask = 2147483647;
			files = (
				44FBE5F51DD6000100B8E527 /* Key.plist in Resources */,
				B42A4ED71CBD20CC00D9593D /* Main.storyboard in Resources */,
				441172DE1DD9C76100E41E87 /* Assets.xcassets in Resources */,
				B4B17E281CE4789300C36F9E /* GoogleService-Info.plist in Resources */,
			);
			runOnlyForDeploymentPostprocessing = 0;
		};
/* End PBXResourcesBuildPhase section */

/* Begin PBXShellScriptBuildPhase section */
		B42A4EDF1CBD210200D9593D /* ShellScript */ = {
			isa = PBXShellScriptBuildPhase;
			buildActionMask = 2147483647;
			files = (
			);
			inputPaths = (
				"$(SRCROOT)/Carthage/Build/tvOS/SnapKit.framework",
				"$(SRCROOT)/Carthage/Build/tvOS/Alamofire.framework",
				"$(SRCROOT)/Carthage/Build/tvOS/XCDYouTubeKit.framework",
				"$(SRCROOT)/Carthage/Build/tvOS/SwiftyUserDefaults.framework",
				"$(SRCROOT)/Carthage/Build/tvOS/Log.framework",
				"$(SRCROOT)/Carthage/Build/tvOS/IoniconsSwift.framework",
				"$(SRCROOT)/Carthage/Build/tvOS/Toucan.framework",
			);
			outputPaths = (
			);
			runOnlyForDeploymentPostprocessing = 0;
			shellPath = /bin/sh;
			shellScript = "/usr/local/bin/carthage copy-frameworks";
		};
		B4ABAA531CA0044100EFEBBA /* ShellScript */ = {
			isa = PBXShellScriptBuildPhase;
			buildActionMask = 2147483647;
			files = (
			);
			inputPaths = (
				"$(SRCROOT)/Carthage/Build/iOS/SnapKit.framework",
				"$(SRCROOT)/Carthage/Build/iOS/YouTubePlayer.framework",
				"$(SRCROOT)/Carthage/Build/iOS/IoniconsSwift.framework",
				"$(SRCROOT)/Carthage/Build/iOS/Log.framework",
				"$(SRCROOT)/Carthage/Build/iOS/Toucan.framework",
				"$(SRCROOT)/Carthage/Build/iOS/Alamofire.framework",
				"$(SRCROOT)/Carthage/Build/iOS/GoogleAnalytics.framework",
				"$(SRCROOT)/Carthage/Build/iOS/PinpointKit.framework",
				"$(SRCROOT)/Carthage/Build/iOS/Onboard.framework",
				"$(SRCROOT)/Carthage/Build/iOS/SwiftyUserDefaults.framework",
				"$(SRCROOT)/Carthage/Build/iOS/DZNEmptyDataSet.framework",
				"$(SRCROOT)/Carthage/Build/iOS/Segmentio.framework",
				"$(SRCROOT)/Carthage/Build/iOS/DeviceKit.framework",
			);
			outputPaths = (
			);
			runOnlyForDeploymentPostprocessing = 0;
			shellPath = /bin/sh;
			shellScript = "/usr/local/bin/carthage copy-frameworks";
		};
/* End PBXShellScriptBuildPhase section */

/* Begin PBXSourcesBuildPhase section */
		44083A801DBE8354002CC217 /* Sources */ = {
			isa = PBXSourcesBuildPhase;
			buildActionMask = 2147483647;
			files = (
				44083A871DBE8354002CC217 /* Motivation_HuntUITests.swift in Sources */,
				4498D24B1DBEBF020021511A /* XCTestCaseExtensions.swift in Sources */,
				44083A8F1DBE83BB002CC217 /* SnapshotHelper.swift in Sources */,
			);
			runOnlyForDeploymentPostprocessing = 0;
		};
		447BDE721D93DF3C0034CA93 /* Sources */ = {
			isa = PBXSourcesBuildPhase;
			buildActionMask = 2147483647;
			files = (
				447BDE791D93DF3C0034CA93 /* Motivation_HuntTests.swift in Sources */,
			);
			runOnlyForDeploymentPostprocessing = 0;
		};
		B41BF3301C7D0D7200E27074 /* Sources */ = {
			isa = PBXSourcesBuildPhase;
			buildActionMask = 2147483647;
			files = (
				448F6B691DD672BD002E570C /* CDECloudKitFileSystem.m in Sources */,
				B41A9E271C7DAADB001635C2 /* MotivationFeedViewController.swift in Sources */,
				4492906E1DB2C1DD002CE552 /* Extensions.swift in Sources */,
				440F69751DDB8FDA00A7D7BB /* CoreDataStackManager.swift in Sources */,
				B41BF3521C7D12C800E27074 /* MotivationHunt.xcdatamodeld in Sources */,
				B42E42861C81DE720095B9BF /* FavouritesViewController.swift in Sources */,
				441031731E4790A600E6F6B4 /* Onboarding.swift in Sources */,
				B41BF34E1C7D124600E27074 /* ChallengeViewController.swift in Sources */,
				B41BF3561C7D153300E27074 /* Challenge.swift in Sources */,
				B4DC95541C88CE8E0041AB31 /* MHConstant.swift in Sources */,
				B44ACBC81C89ECEC00C5FF96 /* ImageCache.swift in Sources */,
				B41CE7EC1C8B6F68002FCBC2 /* CustomUIActivityIndicatorView.swift in Sources */,
				B42E42811C81CB6C0095B9BF /* VideoItem.swift in Sources */,
				441031681E4487E900E6F6B4 /* MotivationVideoDownloader.swift in Sources */,
				B41BF3381C7D0D7200E27074 /* AppDelegate.swift in Sources */,
				B42E42841C81D1350095B9BF /* motivationCollectionViewCell.swift in Sources */,
				B41CE7EA1C8B5B54002FCBC2 /* challengeTableViewCell.swift in Sources */,
				B4BB50791D638CB600AE1560 /* Theme.swift in Sources */,
				B4DC95521C88CD620041AB31 /* MHClient.swift in Sources */,
			);
			runOnlyForDeploymentPostprocessing = 0;
		};
		B42A4EC91CBD20CC00D9593D /* Sources */ = {
			isa = PBXSourcesBuildPhase;
			buildActionMask = 2147483647;
			files = (
				441031741E4790A600E6F6B4 /* Onboarding.swift in Sources */,
				4405EBB31DDA55770070CB98 /* FavouritesViewController.swift in Sources */,
				B48E1ED21CC5A1E200482581 /* ImageCache.swift in Sources */,
				B48E1ED01CC5A15E00482581 /* VideoItem.swift in Sources */,
				440F69761DDB95FC00A7D7BB /* CoreDataStackManager.swift in Sources */,
				B423E34C1CC627DD0020D39D /* MotivationCollectionViewCell.swift in Sources */,
				B48E1ECF1CC5A15600482581 /* Challenge.swift in Sources */,
				B48E1ECE1CC5A15300482581 /* MotivationHunt.xcdatamodeld in Sources */,
				447F76DF1DD22651000DEBB4 /* ChallengeTableViewCell.swift in Sources */,
				B42A4ED41CBD20CC00D9593D /* ChallengeViewController.swift in Sources */,
				448F6B6A1DD672BD002E570C /* CDECloudKitFileSystem.m in Sources */,
				B48E1ED31CC5A1E600482581 /* MHConstant.swift in Sources */,
				44FBE5F71DD6001D00B8E527 /* Theme.swift in Sources */,
				B42A4ED01CBD20CC00D9593D /* AppDelegate.swift in Sources */,
				441031691E4487E900E6F6B4 /* MotivationVideoDownloader.swift in Sources */,
				4492906F1DB2C1DD002CE552 /* Extensions.swift in Sources */,
				B48E1ED11CC5A18100482581 /* MHClient.swift in Sources */,
				B42A4ED21CBD20CC00D9593D /* MotivationFeedViewController.swift in Sources */,
			);
			runOnlyForDeploymentPostprocessing = 0;
		};
/* End PBXSourcesBuildPhase section */

/* Begin PBXTargetDependency section */
		44083A8A1DBE8354002CC217 /* PBXTargetDependency */ = {
			isa = PBXTargetDependency;
			target = B41BF3331C7D0D7200E27074 /* Motivation Hunt */;
			targetProxy = 44083A891DBE8354002CC217 /* PBXContainerItemProxy */;
		};
		447BDE7C1D93DF3C0034CA93 /* PBXTargetDependency */ = {
			isa = PBXTargetDependency;
			target = B41BF3331C7D0D7200E27074 /* Motivation Hunt */;
			targetProxy = 447BDE7B1D93DF3C0034CA93 /* PBXContainerItemProxy */;
		};
		44FBA90E1E409171006501BC /* PBXTargetDependency */ = {
			isa = PBXTargetDependency;
			name = "Ensembles tvOS";
			targetProxy = 44FBA90D1E409171006501BC /* PBXContainerItemProxy */;
		};
/* End PBXTargetDependency section */

/* Begin PBXVariantGroup section */
		B41BF33B1C7D0D7200E27074 /* Main.storyboard */ = {
			isa = PBXVariantGroup;
			children = (
				B41BF33C1C7D0D7200E27074 /* Base */,
			);
			name = Main.storyboard;
			path = .;
			sourceTree = "<group>";
		};
		B41BF3431C7D0D7200E27074 /* LaunchScreen.storyboard */ = {
			isa = PBXVariantGroup;
			children = (
				B41BF3441C7D0D7200E27074 /* Base */,
			);
			name = LaunchScreen.storyboard;
			path = .;
			sourceTree = "<group>";
		};
		B42A4ED51CBD20CC00D9593D /* Main.storyboard */ = {
			isa = PBXVariantGroup;
			children = (
				B42A4ED61CBD20CC00D9593D /* Base */,
			);
			name = Main.storyboard;
			path = .;
			sourceTree = "<group>";
		};
/* End PBXVariantGroup section */

/* Begin XCBuildConfiguration section */
		44083A8B1DBE8354002CC217 /* Debug */ = {
			isa = XCBuildConfiguration;
			buildSettings = {
				CLANG_ANALYZER_NONNULL = YES;
				CLANG_WARN_DOCUMENTATION_COMMENTS = YES;
				CLANG_WARN_SUSPICIOUS_MOVES = YES;
				DEVELOPMENT_TEAM = DXXE2BH2EU;
				INFOPLIST_FILE = "Motivation HuntUITests/Info.plist";
				IPHONEOS_DEPLOYMENT_TARGET = 10.0;
				LD_RUNPATH_SEARCH_PATHS = "$(inherited) @executable_path/Frameworks @loader_path/Frameworks";
				PRODUCT_BUNDLE_IDENTIFIER = "com.jeffersonbonnaire.motivationhunt.Motivation-HuntUITests";
				PRODUCT_NAME = "$(TARGET_NAME)";
				SWIFT_ACTIVE_COMPILATION_CONDITIONS = DEBUG;
				SWIFT_VERSION = 3.0;
				TEST_TARGET_NAME = "Motivation Hunt";
			};
			name = Debug;
		};
		44083A8C1DBE8354002CC217 /* Release */ = {
			isa = XCBuildConfiguration;
			buildSettings = {
				CLANG_ANALYZER_NONNULL = YES;
				CLANG_WARN_DOCUMENTATION_COMMENTS = YES;
				CLANG_WARN_SUSPICIOUS_MOVES = YES;
				DEVELOPMENT_TEAM = DXXE2BH2EU;
				INFOPLIST_FILE = "Motivation HuntUITests/Info.plist";
				IPHONEOS_DEPLOYMENT_TARGET = 10.0;
				LD_RUNPATH_SEARCH_PATHS = "$(inherited) @executable_path/Frameworks @loader_path/Frameworks";
				PRODUCT_BUNDLE_IDENTIFIER = "com.jeffersonbonnaire.motivationhunt.Motivation-HuntUITests";
				PRODUCT_NAME = "$(TARGET_NAME)";
				SWIFT_OPTIMIZATION_LEVEL = "-Owholemodule";
				SWIFT_VERSION = 3.0;
				TEST_TARGET_NAME = "Motivation Hunt";
			};
			name = Release;
		};
		447BDE7D1D93DF3C0034CA93 /* Debug */ = {
			isa = XCBuildConfiguration;
			buildSettings = {
				BUNDLE_LOADER = "$(TEST_HOST)";
				CLANG_ANALYZER_NONNULL = YES;
				CLANG_WARN_DOCUMENTATION_COMMENTS = YES;
				CLANG_WARN_SUSPICIOUS_MOVES = YES;
				DEVELOPMENT_TEAM = DXXE2BH2EU;
				INFOPLIST_FILE = "Motivation-HuntTests/Info.plist";
				IPHONEOS_DEPLOYMENT_TARGET = 10.0;
				LD_RUNPATH_SEARCH_PATHS = "$(inherited) @executable_path/Frameworks @loader_path/Frameworks";
				PRODUCT_BUNDLE_IDENTIFIER = "com.jeffersonbonnaire.motivationhunt.Motivation-HuntTests";
				PRODUCT_NAME = "$(TARGET_NAME)";
				SWIFT_ACTIVE_COMPILATION_CONDITIONS = DEBUG;
				SWIFT_VERSION = 3.0;
				TEST_HOST = "$(BUILT_PRODUCTS_DIR)/Motivation Hunt.app/Motivation Hunt";
			};
			name = Debug;
		};
		447BDE7E1D93DF3C0034CA93 /* Release */ = {
			isa = XCBuildConfiguration;
			buildSettings = {
				BUNDLE_LOADER = "$(TEST_HOST)";
				CLANG_ANALYZER_NONNULL = YES;
				CLANG_WARN_DOCUMENTATION_COMMENTS = YES;
				CLANG_WARN_SUSPICIOUS_MOVES = YES;
				"CODE_SIGN_IDENTITY[sdk=iphoneos*]" = "iPhone Developer";
				DEVELOPMENT_TEAM = DXXE2BH2EU;
				INFOPLIST_FILE = "Motivation-HuntTests/Info.plist";
				IPHONEOS_DEPLOYMENT_TARGET = 10.0;
				LD_RUNPATH_SEARCH_PATHS = "$(inherited) @executable_path/Frameworks @loader_path/Frameworks";
				PRODUCT_BUNDLE_IDENTIFIER = "com.jeffersonbonnaire.motivationhunt.Motivation-HuntTests";
				PRODUCT_NAME = "$(TARGET_NAME)";
				SWIFT_VERSION = 3.0;
				TEST_HOST = "$(BUILT_PRODUCTS_DIR)/Motivation Hunt.app/Motivation Hunt";
			};
			name = Release;
		};
		B41BF3471C7D0D7200E27074 /* Debug */ = {
			isa = XCBuildConfiguration;
			buildSettings = {
				ALWAYS_SEARCH_USER_PATHS = NO;
				CLANG_CXX_LANGUAGE_STANDARD = "gnu++0x";
				CLANG_CXX_LIBRARY = "libc++";
				CLANG_ENABLE_MODULES = YES;
				CLANG_ENABLE_OBJC_ARC = YES;
				CLANG_WARN_BOOL_CONVERSION = YES;
				CLANG_WARN_CONSTANT_CONVERSION = YES;
				CLANG_WARN_DIRECT_OBJC_ISA_USAGE = YES_ERROR;
				CLANG_WARN_EMPTY_BODY = YES;
				CLANG_WARN_ENUM_CONVERSION = YES;
				CLANG_WARN_INFINITE_RECURSION = YES;
				CLANG_WARN_INT_CONVERSION = YES;
				CLANG_WARN_OBJC_ROOT_CLASS = YES_ERROR;
				CLANG_WARN_SUSPICIOUS_MOVE = YES;
				CLANG_WARN_UNREACHABLE_CODE = YES;
				CLANG_WARN__DUPLICATE_METHOD_MATCH = YES;
				CODE_SIGN_IDENTITY = "iPhone Developer";
				"CODE_SIGN_IDENTITY[sdk=iphoneos*]" = "iPhone Developer";
				COPY_PHASE_STRIP = NO;
				DEBUG_INFORMATION_FORMAT = dwarf;
				DEVELOPMENT_TEAM = DXXE2BH2EU;
				ENABLE_STRICT_OBJC_MSGSEND = YES;
				ENABLE_TESTABILITY = YES;
				FRAMEWORK_SEARCH_PATHS = (
					"$(inherited)",
					"$(PROJECT_DIR)",
				);
				GCC_C_LANGUAGE_STANDARD = gnu99;
				GCC_DYNAMIC_NO_PIC = NO;
				GCC_NO_COMMON_BLOCKS = YES;
				GCC_OPTIMIZATION_LEVEL = 0;
				GCC_PREPROCESSOR_DEFINITIONS = (
					"DEBUG=1",
					"$(inherited)",
				);
				GCC_WARN_64_TO_32_BIT_CONVERSION = YES;
				GCC_WARN_ABOUT_RETURN_TYPE = YES_ERROR;
				GCC_WARN_UNDECLARED_SELECTOR = YES;
				GCC_WARN_UNINITIALIZED_AUTOS = YES_AGGRESSIVE;
				GCC_WARN_UNUSED_FUNCTION = YES;
				GCC_WARN_UNUSED_VARIABLE = YES;
				IPHONEOS_DEPLOYMENT_TARGET = 9.2;
				MTL_ENABLE_DEBUG_INFO = YES;
				ONLY_ACTIVE_ARCH = YES;
				SDKROOT = iphoneos;
				SWIFT_OPTIMIZATION_LEVEL = "-Onone";
				TARGETED_DEVICE_FAMILY = "1,2";
			};
			name = Debug;
		};
		B41BF3481C7D0D7200E27074 /* Release */ = {
			isa = XCBuildConfiguration;
			buildSettings = {
				ALWAYS_SEARCH_USER_PATHS = NO;
				CLANG_CXX_LANGUAGE_STANDARD = "gnu++0x";
				CLANG_CXX_LIBRARY = "libc++";
				CLANG_ENABLE_MODULES = YES;
				CLANG_ENABLE_OBJC_ARC = YES;
				CLANG_WARN_BOOL_CONVERSION = YES;
				CLANG_WARN_CONSTANT_CONVERSION = YES;
				CLANG_WARN_DIRECT_OBJC_ISA_USAGE = YES_ERROR;
				CLANG_WARN_EMPTY_BODY = YES;
				CLANG_WARN_ENUM_CONVERSION = YES;
				CLANG_WARN_INFINITE_RECURSION = YES;
				CLANG_WARN_INT_CONVERSION = YES;
				CLANG_WARN_OBJC_ROOT_CLASS = YES_ERROR;
				CLANG_WARN_SUSPICIOUS_MOVE = YES;
				CLANG_WARN_UNREACHABLE_CODE = YES;
				CLANG_WARN__DUPLICATE_METHOD_MATCH = YES;
				CODE_SIGN_IDENTITY = "iPhone Developer";
				"CODE_SIGN_IDENTITY[sdk=iphoneos*]" = "iPhone Developer";
				COPY_PHASE_STRIP = NO;
				DEBUG_INFORMATION_FORMAT = "dwarf-with-dsym";
				DEVELOPMENT_TEAM = DXXE2BH2EU;
				ENABLE_NS_ASSERTIONS = NO;
				ENABLE_STRICT_OBJC_MSGSEND = YES;
				FRAMEWORK_SEARCH_PATHS = (
					"$(inherited)",
					"$(PROJECT_DIR)",
				);
				GCC_C_LANGUAGE_STANDARD = gnu99;
				GCC_NO_COMMON_BLOCKS = YES;
				GCC_WARN_64_TO_32_BIT_CONVERSION = YES;
				GCC_WARN_ABOUT_RETURN_TYPE = YES_ERROR;
				GCC_WARN_UNDECLARED_SELECTOR = YES;
				GCC_WARN_UNINITIALIZED_AUTOS = YES_AGGRESSIVE;
				GCC_WARN_UNUSED_FUNCTION = YES;
				GCC_WARN_UNUSED_VARIABLE = YES;
				IPHONEOS_DEPLOYMENT_TARGET = 9.2;
				MTL_ENABLE_DEBUG_INFO = NO;
				SDKROOT = iphoneos;
				SWIFT_OPTIMIZATION_LEVEL = "-Owholemodule";
				TARGETED_DEVICE_FAMILY = "1,2";
				VALIDATE_PRODUCT = YES;
			};
			name = Release;
		};
		B41BF34A1C7D0D7200E27074 /* Debug */ = {
			isa = XCBuildConfiguration;
			buildSettings = {
				ASSETCATALOG_COMPILER_APPICON_NAME = AppIcon;
				CLANG_ENABLE_MODULES = YES;
				CODE_SIGN_ENTITLEMENTS = "Motivation Hunt/Motivation Hunt.entitlements";
				CODE_SIGN_IDENTITY = "iPhone Developer";
				"CODE_SIGN_IDENTITY[sdk=iphoneos*]" = "iPhone Developer";
				CURRENT_PROJECT_VERSION = 0.6.3;
				DEVELOPMENT_TEAM = DXXE2BH2EU;
				ENABLE_BITCODE = NO;
				FRAMEWORK_SEARCH_PATHS = (
					"$(inherited)",
					"$(PROJECT_DIR)/Carthage/Build/iOS",
					"$(PROJECT_DIR)",
					"$(PROJECT_DIR)/Motivation\\ Hunt",
				);
				INFOPLIST_FILE = "Motivation Hunt/Info.plist";
				IPHONEOS_DEPLOYMENT_TARGET = 10.0;
				LD_RUNPATH_SEARCH_PATHS = "$(inherited) @executable_path/Frameworks";
				OTHER_LDFLAGS = "-ObjC";
				OTHER_SWIFT_FLAGS = "-DDEBUG";
				PRODUCT_BUNDLE_IDENTIFIER = com.jeffersonbonnaire.motivationhunt;
				PRODUCT_NAME = "$(TARGET_NAME)";
				PROVISIONING_PROFILE = "";
				SWIFT_INCLUDE_PATHS = "";
				SWIFT_OBJC_BRIDGING_HEADER = "Motivation Hunt-Bridging-Header.h";
				SWIFT_OPTIMIZATION_LEVEL = "-Onone";
				SWIFT_VERSION = 3.0;
				TARGETED_DEVICE_FAMILY = "1,2";
				VERSIONING_SYSTEM = "apple-generic";
			};
			name = Debug;
		};
		B41BF34B1C7D0D7200E27074 /* Release */ = {
			isa = XCBuildConfiguration;
			buildSettings = {
				ASSETCATALOG_COMPILER_APPICON_NAME = AppIcon;
				CLANG_ENABLE_MODULES = YES;
				CODE_SIGN_ENTITLEMENTS = "Motivation Hunt/Motivation Hunt.entitlements";
				CODE_SIGN_IDENTITY = "iPhone Developer";
				"CODE_SIGN_IDENTITY[sdk=iphoneos*]" = "iPhone Developer";
				CURRENT_PROJECT_VERSION = 0.6.3;
				DEVELOPMENT_TEAM = DXXE2BH2EU;
				ENABLE_BITCODE = NO;
				FRAMEWORK_SEARCH_PATHS = (
					"$(inherited)",
					"$(PROJECT_DIR)/Carthage/Build/iOS",
					"$(PROJECT_DIR)",
					"$(PROJECT_DIR)/Motivation\\ Hunt",
				);
				GCC_OPTIMIZATION_LEVEL = 0;
				INFOPLIST_FILE = "Motivation Hunt/Info.plist";
				IPHONEOS_DEPLOYMENT_TARGET = 10.0;
				LD_RUNPATH_SEARCH_PATHS = "$(inherited) @executable_path/Frameworks";
				OTHER_LDFLAGS = "-ObjC";
				OTHER_SWIFT_FLAGS = "-DRELEASE";
				PRODUCT_BUNDLE_IDENTIFIER = com.jeffersonbonnaire.motivationhunt;
				PRODUCT_NAME = "$(TARGET_NAME)";
				PROVISIONING_PROFILE = "";
				SWIFT_INCLUDE_PATHS = "";
				SWIFT_OBJC_BRIDGING_HEADER = "Motivation Hunt-Bridging-Header.h";
				SWIFT_VERSION = 3.0;
				TARGETED_DEVICE_FAMILY = "1,2";
				VERSIONING_SYSTEM = "apple-generic";
			};
			name = Release;
		};
		B42A4EDC1CBD20CC00D9593D /* Debug */ = {
			isa = XCBuildConfiguration;
			buildSettings = {
				ASSETCATALOG_COMPILER_APPICON_NAME = "App Icon & Top Shelf Image";
				ASSETCATALOG_COMPILER_LAUNCHIMAGE_NAME = LaunchImage;
				CLANG_ANALYZER_NONNULL = YES;
				CLANG_ENABLE_MODULES = YES;
				CODE_SIGN_ENTITLEMENTS = "Motivation Hunt TV/Motivation Hunt TV.entitlements";
				CURRENT_PROJECT_VERSION = 0.6.3;
				FRAMEWORK_SEARCH_PATHS = (
					"$(inherited)",
					"$(PROJECT_DIR)",
					"$(SRCROOT)",
					"$(PROJECT_DIR)/Carthage/Build/tvOS",
					"$(PROJECT_DIR)/Carthage/Build/iOS",
				);
				INFOPLIST_FILE = "Motivation Hunt TV/Info.plist";
				LD_RUNPATH_SEARCH_PATHS = "$(inherited) @executable_path/Frameworks";
				ONLY_ACTIVE_ARCH = YES;
				OTHER_LDFLAGS = "-ObjC";
				PRODUCT_BUNDLE_IDENTIFIER = com.jeffersonbonnaire.motivationhunt;
				PRODUCT_NAME = "$(TARGET_NAME)";
				SDKROOT = appletvos;
				SWIFT_INCLUDE_PATHS = "";
				SWIFT_OBJC_BRIDGING_HEADER = "Motivation Hunt TV-Bridging-Header.h";
				SWIFT_OPTIMIZATION_LEVEL = "-Onone";
				SWIFT_VERSION = 3.0;
				TARGETED_DEVICE_FAMILY = 3;
				TVOS_DEPLOYMENT_TARGET = 10.0;
				VERSIONING_SYSTEM = "apple-generic";
			};
			name = Debug;
		};
		B42A4EDD1CBD20CC00D9593D /* Release */ = {
			isa = XCBuildConfiguration;
			buildSettings = {
				ASSETCATALOG_COMPILER_APPICON_NAME = "App Icon & Top Shelf Image";
				ASSETCATALOG_COMPILER_LAUNCHIMAGE_NAME = LaunchImage;
				CLANG_ANALYZER_NONNULL = YES;
				CLANG_ENABLE_MODULES = YES;
				CODE_SIGN_ENTITLEMENTS = "Motivation Hunt TV/Motivation Hunt TV.entitlements";
				CURRENT_PROJECT_VERSION = 0.6.3;
				FRAMEWORK_SEARCH_PATHS = (
					"$(inherited)",
					"$(PROJECT_DIR)",
					"$(SRCROOT)",
					"$(PROJECT_DIR)/Carthage/Build/tvOS",
					"$(PROJECT_DIR)/Carthage/Build/iOS",
				);
				INFOPLIST_FILE = "Motivation Hunt TV/Info.plist";
				LD_RUNPATH_SEARCH_PATHS = "$(inherited) @executable_path/Frameworks";
				ONLY_ACTIVE_ARCH = NO;
				OTHER_LDFLAGS = "-ObjC";
				PRODUCT_BUNDLE_IDENTIFIER = com.jeffersonbonnaire.motivationhunt;
				PRODUCT_NAME = "$(TARGET_NAME)";
				SDKROOT = appletvos;
				SWIFT_INCLUDE_PATHS = "";
				SWIFT_OBJC_BRIDGING_HEADER = "Motivation Hunt TV-Bridging-Header.h";
				SWIFT_VERSION = 3.0;
				TARGETED_DEVICE_FAMILY = 3;
				TVOS_DEPLOYMENT_TARGET = 10.0;
				VERSIONING_SYSTEM = "apple-generic";
			};
			name = Release;
		};
/* End XCBuildConfiguration section */

/* Begin XCConfigurationList section */
		44083A8D1DBE8354002CC217 /* Build configuration list for PBXNativeTarget "Motivation HuntUITests" */ = {
			isa = XCConfigurationList;
			buildConfigurations = (
				44083A8B1DBE8354002CC217 /* Debug */,
				44083A8C1DBE8354002CC217 /* Release */,
			);
			defaultConfigurationIsVisible = 0;
			defaultConfigurationName = Release;
		};
		447BDE7F1D93DF3C0034CA93 /* Build configuration list for PBXNativeTarget "Motivation-HuntTests" */ = {
			isa = XCConfigurationList;
			buildConfigurations = (
				447BDE7D1D93DF3C0034CA93 /* Debug */,
				447BDE7E1D93DF3C0034CA93 /* Release */,
			);
			defaultConfigurationIsVisible = 0;
			defaultConfigurationName = Release;
		};
		B41BF32F1C7D0D7200E27074 /* Build configuration list for PBXProject "Motivation Hunt" */ = {
			isa = XCConfigurationList;
			buildConfigurations = (
				B41BF3471C7D0D7200E27074 /* Debug */,
				B41BF3481C7D0D7200E27074 /* Release */,
			);
			defaultConfigurationIsVisible = 0;
			defaultConfigurationName = Release;
		};
		B41BF3491C7D0D7200E27074 /* Build configuration list for PBXNativeTarget "Motivation Hunt" */ = {
			isa = XCConfigurationList;
			buildConfigurations = (
				B41BF34A1C7D0D7200E27074 /* Debug */,
				B41BF34B1C7D0D7200E27074 /* Release */,
			);
			defaultConfigurationIsVisible = 0;
			defaultConfigurationName = Release;
		};
		B42A4EDB1CBD20CC00D9593D /* Build configuration list for PBXNativeTarget "Motivation Hunt TV" */ = {
			isa = XCConfigurationList;
			buildConfigurations = (
				B42A4EDC1CBD20CC00D9593D /* Debug */,
				B42A4EDD1CBD20CC00D9593D /* Release */,
			);
			defaultConfigurationIsVisible = 0;
			defaultConfigurationName = Release;
		};
/* End XCConfigurationList section */

/* Begin XCVersionGroup section */
		B41BF3501C7D12C800E27074 /* MotivationHunt.xcdatamodeld */ = {
			isa = XCVersionGroup;
			children = (
				B41BF3511C7D12C800E27074 /* MotivationHunt.xcdatamodel */,
			);
			currentVersion = B41BF3511C7D12C800E27074 /* MotivationHunt.xcdatamodel */;
			path = MotivationHunt.xcdatamodeld;
			sourceTree = "<group>";
			versionGroupType = wrapper.xcdatamodel;
		};
/* End XCVersionGroup section */
	};
	rootObject = B41BF32C1C7D0D7200E27074 /* Project object */;
}
